
Microsoft Visual Studio Solution File, Format Version 12.00
# Visual Studio 2017
Project("{FAE04EC0-301F-11D3-BF4B-00C04F79EFBC}") = "Katzen Unity Beta.Plugins", "Katzen Unity Beta.Plugins.csproj", "{77C391DB-1619-F47E-2269-7E6BE3D14CE0}"
EndProject
Project("{FAE04EC0-301F-11D3-BF4B-00C04F79EFBC}") = "Katzen Unity Beta", "Katzen Unity Beta.csproj", "{BDA5D2EC-E0B0-D517-D314-D17F8F153B43}"
EndProject
Project("{FAE04EC0-301F-11D3-BF4B-00C04F79EFBC}") = "Katzen Unity Beta.Editor.Plugins", "Katzen Unity Beta.Editor.Plugins.csproj", "{38AEFA93-92F2-74C6-C7EE-BB641D310E25}"
EndProject
Global
	GlobalSection(SolutionConfigurationPlatforms) = preSolution
		Debug|Any CPU = Debug|Any CPU
		Release|Any CPU = Release|Any CPU
	EndGlobalSection
	GlobalSection(ProjectConfigurationPlatforms) = postSolution
		{77C391DB-1619-F47E-2269-7E6BE3D14CE0}.Debug|Any CPU.ActiveCfg = Debug|Any CPU
		{77C391DB-1619-F47E-2269-7E6BE3D14CE0}.Debug|Any CPU.Build.0 = Debug|Any CPU
		{77C391DB-1619-F47E-2269-7E6BE3D14CE0}.Release|Any CPU.ActiveCfg = Release|Any CPU
		{77C391DB-1619-F47E-2269-7E6BE3D14CE0}.Release|Any CPU.Build.0 = Release|Any CPU
		{BDA5D2EC-E0B0-D517-D314-D17F8F153B43}.Debug|Any CPU.ActiveCfg = Debug|Any CPU
		{BDA5D2EC-E0B0-D517-D314-D17F8F153B43}.Debug|Any CPU.Build.0 = Debug|Any CPU
		{BDA5D2EC-E0B0-D517-D314-D17F8F153B43}.Release|Any CPU.ActiveCfg = Release|Any CPU
		{BDA5D2EC-E0B0-D517-D314-D17F8F153B43}.Release|Any CPU.Build.0 = Release|Any CPU
		{38AEFA93-92F2-74C6-C7EE-BB641D310E25}.Debug|Any CPU.ActiveCfg = Debug|Any CPU
		{38AEFA93-92F2-74C6-C7EE-BB641D310E25}.Debug|Any CPU.Build.0 = Debug|Any CPU
		{38AEFA93-92F2-74C6-C7EE-BB641D310E25}.Release|Any CPU.ActiveCfg = Release|Any CPU
		{38AEFA93-92F2-74C6-C7EE-BB641D310E25}.Release|Any CPU.Build.0 = Release|Any CPU
	EndGlobalSection
	GlobalSection(SolutionProperties) = preSolution
		HideSolutionNode = FALSE
	EndGlobalSection
EndGlobal
